Microsoft Visual Studio Solution File, Format Version 12.00
# Visual Studio Version 17
VisualStudioVersion = 17.0.31903.59
MinimumVisualStudioVersion = 10.0.40219.1
Project("{2150E333-8FDC-42A3-9474-1A3956D46DE8}") = "src", "src", "{F1A46483-4862-4589-A03B-537317C670F5}"
EndProject
Project("{FAE04EC0-301F-11D3-BF4B-00C04F79EFBC}") = "STELA_AUTH.Shared", "src\STELA_AUTH.Shared\STELA_AUTH.Shared.csproj", "{ACA5088D-6EA4-40E6-AE65-0E96BE89A76D}"
EndProject
Project("{FAE04EC0-301F-11D3-BF4B-00C04F79EFBC}") = "STELA_AUTH.Api", "src\STELA_AUTH.Api\STELA_AUTH.Api.csproj", "{675A546E-6ABA-4F37-B305-66292D2C753E}"
EndProject
Project("{FAE04EC0-301F-11D3-BF4B-00C04F79EFBC}") = "STELA_AUTH.App", "src\STELA_AUTH.App\STELA_AUTH.App.csproj", "{E85D8A55-2AD3-4FBC-828D-2F0B925F5FE7}"
EndProject
Project("{FAE04EC0-301F-11D3-BF4B-00C04F79EFBC}") = "STELA_AUTH.Core", "src\STELA_AUTH.Core\STELA_AUTH.Core.csproj", "{3D7958AD-98B1-47B9-BA91-4C4191416A8B}"
EndProject
Project("{FAE04EC0-301F-11D3-BF4B-00C04F79EFBC}") = "STELA_AUTH.Infrastructure", "src\STELA_AUTH.Infrastructure\STELA_AUTH.Infrastructure.csproj", "{3C228957-6CA3-4E48-AB0E-9D573021FDA8}"
EndProject
Global
	GlobalSection(SolutionConfigurationPlatforms) = preSolution
		Debug|Any CPU = Debug|Any CPU
		Release|Any CPU = Release|Any CPU
	EndGlobalSection
	GlobalSection(SolutionProperties) = preSolution
		HideSolutionNode = FALSE
	EndGlobalSection
	GlobalSection(ProjectConfigurationPlatforms) = postSolution
		{ACA5088D-6EA4-40E6-AE65-0E96BE89A76D}.Debug|Any CPU.ActiveCfg = Debug|Any CPU
		{ACA5088D-6EA4-40E6-AE65-0E96BE89A76D}.Debug|Any CPU.Build.0 = Debug|Any CPU
		{ACA5088D-6EA4-40E6-AE65-0E96BE89A76D}.Release|Any CPU.ActiveCfg = Release|Any CPU
		{ACA5088D-6EA4-40E6-AE65-0E96BE89A76D}.Release|Any CPU.Build.0 = Release|Any CPU
		{675A546E-6ABA-4F37-B305-66292D2C753E}.Debug|Any CPU.ActiveCfg = Debug|Any CPU
		{675A546E-6ABA-4F37-B305-66292D2C753E}.Debug|Any CPU.Build.0 = Debug|Any CPU
		{675A546E-6ABA-4F37-B305-66292D2C753E}.Release|Any CPU.ActiveCfg = Release|Any CPU
		{675A546E-6ABA-4F37-B305-66292D2C753E}.Release|Any CPU.Build.0 = Release|Any CPU
		{E85D8A55-2AD3-4FBC-828D-2F0B925F5FE7}.Debug|Any CPU.ActiveCfg = Debug|Any CPU
		{E85D8A55-2AD3-4FBC-828D-2F0B925F5FE7}.Debug|Any CPU.Build.0 = Debug|Any CPU
		{E85D8A55-2AD3-4FBC-828D-2F0B925F5FE7}.Release|Any CPU.ActiveCfg = Release|Any CPU
		{E85D8A55-2AD3-4FBC-828D-2F0B925F5FE7}.Release|Any CPU.Build.0 = Release|Any CPU
		{3D7958AD-98B1-47B9-BA91-4C4191416A8B}.Debug|Any CPU.ActiveCfg = Debug|Any CPU
		{3D7958AD-98B1-47B9-BA91-4C4191416A8B}.Debug|Any CPU.Build.0 = Debug|Any CPU
		{3D7958AD-98B1-47B9-BA91-4C4191416A8B}.Release|Any CPU.ActiveCfg = Release|Any CPU
		{3D7958AD-98B1-47B9-BA91-4C4191416A8B}.Release|Any CPU.Build.0 = Release|Any CPU
		{3C228957-6CA3-4E48-AB0E-9D573021FDA8}.Debug|Any CPU.ActiveCfg = Debug|Any CPU
		{3C228957-6CA3-4E48-AB0E-9D573021FDA8}.Debug|Any CPU.Build.0 = Debug|Any CPU
		{3C228957-6CA3-4E48-AB0E-9D573021FDA8}.Release|Any CPU.ActiveCfg = Release|Any CPU
		{3C228957-6CA3-4E48-AB0E-9D573021FDA8}.Release|Any CPU.Build.0 = Release|Any CPU
	EndGlobalSection
	GlobalSection(NestedProjects) = preSolution
		{ACA5088D-6EA4-40E6-AE65-0E96BE89A76D} = {F1A46483-4862-4589-A03B-537317C670F5}
		{675A546E-6ABA-4F37-B305-66292D2C753E} = {F1A46483-4862-4589-A03B-537317C670F5}
		{E85D8A55-2AD3-4FBC-828D-2F0B925F5FE7} = {F1A46483-4862-4589-A03B-537317C670F5}
		{3D7958AD-98B1-47B9-BA91-4C4191416A8B} = {F1A46483-4862-4589-A03B-537317C670F5}
		{3C228957-6CA3-4E48-AB0E-9D573021FDA8} = {F1A46483-4862-4589-A03B-537317C670F5}
	EndGlobalSection
EndGlobal
