Microsoft Visual Studio Solution File, Format Version 12.00
# Visual Studio Version 17
VisualStudioVersion = 17.0.31903.59
MinimumVisualStudioVersion = 10.0.40219.1
Project("{2150E333-8FDC-42A3-9474-1A3956D46DE8}") = "src", "src", "{1840D07B-BB5A-4599-933B-A5CC67F76E96}"
EndProject
Project("{FAE04EC0-301F-11D3-BF4B-00C04F79EFBC}") = "STELA-AUTH.Api", "src\STELA-AUTH.Api\STELA-AUTH.Api.csproj", "{EA5896EF-87A7-461D-BC94-456D8A9EAAED}"
EndProject
Project("{FAE04EC0-301F-11D3-BF4B-00C04F79EFBC}") = "STELA-AUTH.App", "src\STELA-AUTH.App\STELA-AUTH.App.csproj", "{8BC77D4D-8000-4743-A777-1EFEE27B7D34}"
EndProject
Project("{FAE04EC0-301F-11D3-BF4B-00C04F79EFBC}") = "STELA-AUTH.Core", "src\STELA-AUTH.Core\STELA-AUTH.Core.csproj", "{C8F2C147-5EC2-4A25-BFAE-6FB60A95FE8E}"
EndProject
Project("{FAE04EC0-301F-11D3-BF4B-00C04F79EFBC}") = "STELA-AUTH.Infrastructure", "src\STELA-AUTH.Infrastructure\STELA-AUTH.Infrastructure.csproj", "{E47E5953-DC53-4343-97E4-FE3AD0010DEE}"
EndProject
Global
	GlobalSection(SolutionConfigurationPlatforms) = preSolution
		Debug|Any CPU = Debug|Any CPU
		Release|Any CPU = Release|Any CPU
	EndGlobalSection
	GlobalSection(SolutionProperties) = preSolution
		HideSolutionNode = FALSE
	EndGlobalSection
	GlobalSection(ProjectConfigurationPlatforms) = postSolution
		{EA5896EF-87A7-461D-BC94-456D8A9EAAED}.Debug|Any CPU.ActiveCfg = Debug|Any CPU
		{EA5896EF-87A7-461D-BC94-456D8A9EAAED}.Debug|Any CPU.Build.0 = Debug|Any CPU
		{EA5896EF-87A7-461D-BC94-456D8A9EAAED}.Release|Any CPU.ActiveCfg = Release|Any CPU
		{EA5896EF-87A7-461D-BC94-456D8A9EAAED}.Release|Any CPU.Build.0 = Release|Any CPU
		{8BC77D4D-8000-4743-A777-1EFEE27B7D34}.Debug|Any CPU.ActiveCfg = Debug|Any CPU
		{8BC77D4D-8000-4743-A777-1EFEE27B7D34}.Debug|Any CPU.Build.0 = Debug|Any CPU
		{8BC77D4D-8000-4743-A777-1EFEE27B7D34}.Release|Any CPU.ActiveCfg = Release|Any CPU
		{8BC77D4D-8000-4743-A777-1EFEE27B7D34}.Release|Any CPU.Build.0 = Release|Any CPU
		{C8F2C147-5EC2-4A25-BFAE-6FB60A95FE8E}.Debug|Any CPU.ActiveCfg = Debug|Any CPU
		{C8F2C147-5EC2-4A25-BFAE-6FB60A95FE8E}.Debug|Any CPU.Build.0 = Debug|Any CPU
		{C8F2C147-5EC2-4A25-BFAE-6FB60A95FE8E}.Release|Any CPU.ActiveCfg = Release|Any CPU
		{C8F2C147-5EC2-4A25-BFAE-6FB60A95FE8E}.Release|Any CPU.Build.0 = Release|Any CPU
		{E47E5953-DC53-4343-97E4-FE3AD0010DEE}.Debug|Any CPU.ActiveCfg = Debug|Any CPU
		{E47E5953-DC53-4343-97E4-FE3AD0010DEE}.Debug|Any CPU.Build.0 = Debug|Any CPU
		{E47E5953-DC53-4343-97E4-FE3AD0010DEE}.Release|Any CPU.ActiveCfg = Release|Any CPU
		{E47E5953-DC53-4343-97E4-FE3AD0010DEE}.Release|Any CPU.Build.0 = Release|Any CPU
	EndGlobalSection
	GlobalSection(NestedProjects) = preSolution
		{EA5896EF-87A7-461D-BC94-456D8A9EAAED} = {1840D07B-BB5A-4599-933B-A5CC67F76E96}
		{8BC77D4D-8000-4743-A777-1EFEE27B7D34} = {1840D07B-BB5A-4599-933B-A5CC67F76E96}
		{C8F2C147-5EC2-4A25-BFAE-6FB60A95FE8E} = {1840D07B-BB5A-4599-933B-A5CC67F76E96}
		{E47E5953-DC53-4343-97E4-FE3AD0010DEE} = {1840D07B-BB5A-4599-933B-A5CC67F76E96}
	EndGlobalSection
EndGlobal
